PODS:
  - ChameleonFramework (2.1.0):
    - ChameleonFramework/Default (= 2.1.0)
  - ChameleonFramework/Default (2.1.0)
  - Realm (3.3.2):
    - Realm/Headers (= 3.3.2)
  - Realm/Headers (3.3.2)
  - RealmSwift (3.3.2):
    - Realm (= 3.3.2)
  - SwipeCellKit (2.1.0)

DEPENDENCIES:
  - ChameleonFramework
  - RealmSwift
  - SwipeCellKit

SPEC REPOS:
  https://github.com/CocoaPods/Specs.git:
    - ChameleonFramework
    - Realm
    - RealmSwift
    - SwipeCellKit

SPEC CHECKSUMS:
  ChameleonFramework: d21a3cc247abfe5e37609a283a8238b03575cf64
  Realm: d927fbf66df5532cfafc08afb5f7e53ded37b894
  RealmSwift: 4e903a494e05d866581d69ad6f7e7b879d446baf
  SwipeCellKit: 80bdb188166484d8a0d813d9fd7748ad33181815

PODFILE CHECKSUM: caf8008a151fada2b6e37d5eac78b1a5a01ed900

COCOAPODS: 1.5.0
